{
    "_meta": {
        "hash": {
            "sha256": "4965618664a2717e0eeb155269e4274b0d3de8b36963da87a5bd9b277d46cc0d"
        },
        "pipfile-spec": 6,
        "requires": {
            "python_version": "3.7"
        },
        "sources": [
            {
                "name": "pypi",
                "url": "https://pypi.python.org/simple",
                "verify_ssl": true
            }
        ]
    },
    "default": {
        "importlib-metadata": {
            "hashes": [
                "sha256:637245b8bab2b6502fcbc752cc4b7a6f6243bb02b31c5c26156ad103d3d45670",
                "sha256:7401a975809ea1fdc658c3aa4f78cc2195a0e019c5cbc4c06122884e9ae80c23"
            ],
            "markers": "python_version < '3.8'",
            "version": "==4.12.0"
        },
        "numpy": {
            "hashes": [
                "sha256:1408c3527a74a0209c781ac82bde2182b0f0bf54dea6e6a363fe0cc4488a7ce7",
                "sha256:173f28921b15d341afadf6c3898a34f20a0569e4ad5435297ba262ee8941e77b",
                "sha256:1865fdf51446839ca3fffaab172461f2b781163f6f395f1aed256b1ddc253622",
                "sha256:3119daed207e9410eaf57dcf9591fdc68045f60483d94956bee0bfdcba790953",
                "sha256:35590b9c33c0f1c9732b3231bb6a72d1e4f77872390c47d50a615686ae7ed3fd",
                "sha256:37e5ebebb0eb54c5b4a9b04e6f3018e16b8ef257d26c8945925ba8105008e645",
                "sha256:37ece2bd095e9781a7156852e43d18044fd0d742934833335599c583618181b9",
                "sha256:3ab67966c8d45d55a2bdf40701536af6443763907086c0a6d1232688e27e5447",
                "sha256:47f10ab202fe4d8495ff484b5561c65dd59177949ca07975663f4494f7269e3e",
                "sha256:55df0f7483b822855af67e38fb3a526e787adf189383b4934305565d71c4b148",
                "sha256:5d732d17b8a9061540a10fda5bfeabca5785700ab5469a5e9b93aca5e2d3a5fb",
                "sha256:68b69f52e6545af010b76516f5daaef6173e73353e3295c5cb9f96c35d755641",
                "sha256:7e8229f3687cdadba2c4faef39204feb51ef7c1a9b669247d49a24f3e2e1617c",
                "sha256:8002574a6b46ac3b5739a003b5233376aeac5163e5dcd43dd7ad062f3e186129",
                "sha256:876f60de09734fbcb4e27a97c9a286b51284df1326b1ac5f1bf0ad3678236b22",
                "sha256:9ce242162015b7e88092dccd0e854548c0926b75c7924a3495e02c6067aba1f5",
                "sha256:a35c4e64dfca659fe4d0f1421fc0f05b8ed1ca8c46fb73d9e5a7f175f85696bb",
                "sha256:aeba539285dcf0a1ba755945865ec61240ede5432df41d6e29fab305f4384db2",
                "sha256:b15c3f1ed08df4980e02cc79ee058b788a3d0bef2fb3c9ca90bb8cbd5b8a3a04",
                "sha256:c2f91f88230042a130ceb1b496932aa717dcbd665350beb821534c5c7e15881c",
                "sha256:d748ef349bfef2e1194b59da37ed5a29c19ea8d7e6342019921ba2ba4fd8b624",
                "sha256:e0d7447679ae9a7124385ccf0ea990bb85bb869cef217e2ea6c844b6a6855073"
            ],
            "index": "pypi",
            "version": "==1.23.1"
        },
        "sqlalchemy": {
            "hashes": [
                "sha256:00dd998b43b282c71de46b061627b5edb9332510eb1edfc5017b9e4356ed44ea",
                "sha256:08b47c971327e733ffd6bae2d4f50a7b761793efe69d41067fcba86282819eea",
                "sha256:0992f3cc640ec0f88f721e426da884c34ff0a60eb73d3d64172e23dfadfc8a0b",
                "sha256:0c956a5d1adb49a35d78ef0fae26717afc48a36262359bb5b0cbd7a3a247c26f",
                "sha256:1ab08141d93de83559f6a7d9a962830f918623a885b3759ec2b9d1a531ff28fe",
                "sha256:1cf03d37819dc17a388d313919daf32058d19ba1e592efdf14ce8cbd997e6023",
                "sha256:2026632051a93997cf8f6fda14360f99230be1725b7ab2ef15be205a4b8a5430",
                "sha256:23b693876ac7963b6bc7b1a5f3a2642f38d2624af834faad5933913928089d1b",
                "sha256:26ee4dbac5dd7abf18bf3cd8f04e51f72c339caf702f68172d308888cd26c6c9",
                "sha256:28b1791a30d62fc104070965f1a2866699c45bbf5adc0be0cf5f22935edcac58",
                "sha256:2b64955850a14b9d481c17becf0d3f62fb1bb31ac2c45c2caf5ad06d9e811187",
                "sha256:2cf50611ef4221ad587fb7a1708e61ff72966f84330c6317642e08d6db4138fd",
                "sha256:44a660506080cc975e1dfa5776fe5f6315ddc626a77b50bf0eee18b0389ea265",
                "sha256:4ec440990ab00650d0c7ea2c75bc225087afdd7ddcb248e3d934def4dff62762",
                "sha256:63ad778f4e80913fb171247e4fa82123d0068615ae1d51a9791fc4284cb81748",
                "sha256:69deec3a94de10062080d91e1ba69595efeafeafe68b996426dec9720031fb25",
                "sha256:6b70d02bbe1adbbf715d2249cacf9ac17c6f8d22dfcb3f1a4fbc5bf64364da8a",
                "sha256:885e11638946472b4a0a7db8e6df604b2cf64d23dc40eedc3806d869fcb18fae",
                "sha256:959bf4390766a8696aa01285016c766b4eb676f712878aac5fce956dd49695d9",
                "sha256:9ced2450c9fd016f9232d976661623e54c450679eeefc7aa48a3d29924a63189",
                "sha256:a0b9e3d81f86ba04007f0349e373a5b8c81ec2047aadb8d669caf8c54a092461",
                "sha256:a62c0ecbb9976550f26f7bf75569f425e661e7249349487f1483115e5fc893a6",
                "sha256:b07fc38e6392a65935dc8b486229679142b2ea33c94059366b4d8b56f1e35a97",
                "sha256:b41b87b929118838bafc4bb18cf3c5cd1b3be4b61cd9042e75174df79e8ac7a2",
                "sha256:b7ccdca6cd167611f4a62a8c2c0c4285c2535640d77108f782ce3f3cccb70f3a",
                "sha256:b7ff0a8bf0aec1908b92b8dfa1246128bf4f94adbdd3da6730e9c542e112542d",
                "sha256:bb342c0e25cc8f78a0e7c692da3b984f072666b316fbbec2a0e371cb4dfef5f0",
                "sha256:bf073c619b5a7f7cd731507d0fdc7329bee14b247a63b0419929e4acd24afea8",
                "sha256:c8d974c991eef0cd29418a5957ae544559dc326685a6f26b3a914c87759bf2f4",
                "sha256:c9d0f1a9538cc5e75f2ea0cb6c3d70155a1b7f18092c052e0d84105622a41b63",
                "sha256:cdee4d475e35684d210dc6b430ff8ca2ed0636378ac19b457e2f6f350d1f5acc",
                "sha256:cfa8ab4ba0c97ab6bcae1f0948497d14c11b6c6ecd1b32b8a79546a0823d8211",
                "sha256:d259fa08e4b3ed952c01711268bcf6cd2442b0c54866d64aece122f83da77c6d",
                "sha256:f2aa85aebc0ef6b342d5d3542f969caa8c6a63c8d36cf5098769158a9fa2123c",
                "sha256:fa9e0d7832b7511b3b3fd0e67fac85ff11fd752834c143ca2364c9b778c0485a",
                "sha256:fb4edb6c354eac0fcc07cb91797e142f702532dbb16c1d62839d6eec35f814cf"
            ],
            "index": "pypi",
            "version": "==1.4.40"
        },
        "typing-extensions": {
            "hashes": [
                "sha256:25642c956049920a5aa49edcdd6ab1e06d7e5d467fc00e0506c44ac86fbfca02",
                "sha256:e6d2677a32f47fc7eb2795db1dd15c1f34eff616bcaf2cfb5e997f854fa1c4a6"
            ],
            "markers": "python_version < '3.8'",
            "version": "==4.3.0"
        },
        "zipp": {
            "hashes": [
                "sha256:05b45f1ee8f807d0cc928485ca40a07cb491cf092ff587c0df9cb1fd154848d2",
                "sha256:47c40d7fe183a6f21403a199b3e4192cca5774656965b0a4988ad2f8feb5f009"
            ],
            "version": "==3.8.1"
        }
    },
    "develop": {}
}
